
Microsoft Visual Studio Solution File, Format Version 12.00
# Visual Studio Version 16
VisualStudioVersion = 16.0.31515.178
MinimumVisualStudioVersion = 10.0.40219.1
Project("{FAE04EC0-301F-11D3-BF4B-00C04F79EFBC}") = "Kraken.AccountInfo.UWP", "Kraken.AccountInfo\Kraken.AccountInfo.UWP\Kraken.AccountInfo.UWP.csproj", "{02DF631C-9394-41C5-9121-8E7159EBEF28}"
EndProject
Project("{FAE04EC0-301F-11D3-BF4B-00C04F79EFBC}") = "Kraken.AccountInfo.Android", "Kraken.AccountInfo\Kraken.AccountInfo.Android\Kraken.AccountInfo.Android.csproj", "{0CF38258-F56B-474B-93A9-45DFD144B358}"
EndProject
Project("{FAE04EC0-301F-11D3-BF4B-00C04F79EFBC}") = "Kraken.AccountInfo.iOS", "Kraken.AccountInfo\Kraken.AccountInfo.iOS\Kraken.AccountInfo.iOS.csproj", "{D5EACE95-20A3-4961-938C-F38AAB10A3CA}"
EndProject
Project("{FAE04EC0-301F-11D3-BF4B-00C04F79EFBC}") = "Kraken.AccountInfo", "Kraken.AccountInfo\Kraken.AccountInfo\Kraken.AccountInfo.csproj", "{DCEFD079-AF83-4BD8-96C4-08213B3F4165}"
EndProject
Global
	GlobalSection(SolutionConfigurationPlatforms) = preSolution
		Debug|Any CPU = Debug|Any CPU
		Debug|ARM = Debug|ARM
		Debug|iPhone = Debug|iPhone
		Debug|iPhoneSimulator = Debug|iPhoneSimulator
		Debug|x64 = Debug|x64
		Debug|x86 = Debug|x86
		Release|Any CPU = Release|Any CPU
		Release|ARM = Release|ARM
		Release|iPhone = Release|iPhone
		Release|iPhoneSimulator = Release|iPhoneSimulator
		Release|x64 = Release|x64
		Release|x86 = Release|x86
	EndGlobalSection
	GlobalSection(ProjectConfigurationPlatforms) = postSolution
		{02DF631C-9394-41C5-9121-8E7159EBEF28}.Debug|Any CPU.ActiveCfg = Debug|x86
		{02DF631C-9394-41C5-9121-8E7159EBEF28}.Debug|Any CPU.Build.0 = Debug|x86
		{02DF631C-9394-41C5-9121-8E7159EBEF28}.Debug|Any CPU.Deploy.0 = Debug|x86
		{02DF631C-9394-41C5-9121-8E7159EBEF28}.Debug|ARM.ActiveCfg = Debug|ARM
		{02DF631C-9394-41C5-9121-8E7159EBEF28}.Debug|ARM.Build.0 = Debug|ARM
		{02DF631C-9394-41C5-9121-8E7159EBEF28}.Debug|ARM.Deploy.0 = Debug|ARM
		{02DF631C-9394-41C5-9121-8E7159EBEF28}.Debug|iPhone.ActiveCfg = Debug|x86
		{02DF631C-9394-41C5-9121-8E7159EBEF28}.Debug|iPhone.Build.0 = Debug|x86
		{02DF631C-9394-41C5-9121-8E7159EBEF28}.Debug|iPhone.Deploy.0 = Debug|x86
		{02DF631C-9394-41C5-9121-8E7159EBEF28}.Debug|iPhoneSimulator.ActiveCfg = Debug|x86
		{02DF631C-9394-41C5-9121-8E7159EBEF28}.Debug|iPhoneSimulator.Build.0 = Debug|x86
		{02DF631C-9394-41C5-9121-8E7159EBEF28}.Debug|iPhoneSimulator.Deploy.0 = Debug|x86
		{02DF631C-9394-41C5-9121-8E7159EBEF28}.Debug|x64.ActiveCfg = Debug|x64
		{02DF631C-9394-41C5-9121-8E7159EBEF28}.Debug|x64.Build.0 = Debug|x64
		{02DF631C-9394-41C5-9121-8E7159EBEF28}.Debug|x64.Deploy.0 = Debug|x64
		{02DF631C-9394-41C5-9121-8E7159EBEF28}.Debug|x86.ActiveCfg = Debug|x86
		{02DF631C-9394-41C5-9121-8E7159EBEF28}.Debug|x86.Build.0 = Debug|x86
		{02DF631C-9394-41C5-9121-8E7159EBEF28}.Debug|x86.Deploy.0 = Debug|x86
		{02DF631C-9394-41C5-9121-8E7159EBEF28}.Release|Any CPU.ActiveCfg = Release|x86
		{02DF631C-9394-41C5-9121-8E7159EBEF28}.Release|Any CPU.Build.0 = Release|x86
		{02DF631C-9394-41C5-9121-8E7159EBEF28}.Release|Any CPU.Deploy.0 = Release|x86
		{02DF631C-9394-41C5-9121-8E7159EBEF28}.Release|ARM.ActiveCfg = Release|ARM
		{02DF631C-9394-41C5-9121-8E7159EBEF28}.Release|ARM.Build.0 = Release|ARM
		{02DF631C-9394-41C5-9121-8E7159EBEF28}.Release|ARM.Deploy.0 = Release|ARM
		{02DF631C-9394-41C5-9121-8E7159EBEF28}.Release|iPhone.ActiveCfg = Release|x86
		{02DF631C-9394-41C5-9121-8E7159EBEF28}.Release|iPhone.Build.0 = Release|x86
		{02DF631C-9394-41C5-9121-8E7159EBEF28}.Release|iPhone.Deploy.0 = Release|x86
		{02DF631C-9394-41C5-9121-8E7159EBEF28}.Release|iPhoneSimulator.ActiveCfg = Release|x86
		{02DF631C-9394-41C5-9121-8E7159EBEF28}.Release|iPhoneSimulator.Build.0 = Release|x86
		{02DF631C-9394-41C5-9121-8E7159EBEF28}.Release|iPhoneSimulator.Deploy.0 = Release|x86
		{02DF631C-9394-41C5-9121-8E7159EBEF28}.Release|x64.ActiveCfg = Release|x64
		{02DF631C-9394-41C5-9121-8E7159EBEF28}.Release|x64.Build.0 = Release|x64
		{02DF631C-9394-41C5-9121-8E7159EBEF28}.Release|x64.Deploy.0 = Release|x64
		{02DF631C-9394-41C5-9121-8E7159EBEF28}.Release|x86.ActiveCfg = Release|x86
		{02DF631C-9394-41C5-9121-8E7159EBEF28}.Release|x86.Build.0 = Release|x86
		{02DF631C-9394-41C5-9121-8E7159EBEF28}.Release|x86.Deploy.0 = Release|x86
		{0CF38258-F56B-474B-93A9-45DFD144B358}.Debug|Any CPU.ActiveCfg = Debug|Any CPU
		{0CF38258-F56B-474B-93A9-45DFD144B358}.Debug|Any CPU.Build.0 = Debug|Any CPU
		{0CF38258-F56B-474B-93A9-45DFD144B358}.Debug|Any CPU.Deploy.0 = Debug|Any CPU
		{0CF38258-F56B-474B-93A9-45DFD144B358}.Debug|ARM.ActiveCfg = Debug|Any CPU
		{0CF38258-F56B-474B-93A9-45DFD144B358}.Debug|ARM.Build.0 = Debug|Any CPU
		{0CF38258-F56B-474B-93A9-45DFD144B358}.Debug|ARM.Deploy.0 = Debug|Any CPU
		{0CF38258-F56B-474B-93A9-45DFD144B358}.Debug|iPhone.ActiveCfg = Debug|Any CPU
		{0CF38258-F56B-474B-93A9-45DFD144B358}.Debug|iPhone.Build.0 = Debug|Any CPU
		{0CF38258-F56B-474B-93A9-45DFD144B358}.Debug|iPhone.Deploy.0 = Debug|Any CPU
		{0CF38258-F56B-474B-93A9-45DFD144B358}.Debug|iPhoneSimulator.ActiveCfg = Debug|Any CPU
		{0CF38258-F56B-474B-93A9-45DFD144B358}.Debug|iPhoneSimulator.Build.0 = Debug|Any CPU
		{0CF38258-F56B-474B-93A9-45DFD144B358}.Debug|iPhoneSimulator.Deploy.0 = Debug|Any CPU
		{0CF38258-F56B-474B-93A9-45DFD144B358}.Debug|x64.ActiveCfg = Debug|Any CPU
		{0CF38258-F56B-474B-93A9-45DFD144B358}.Debug|x64.Build.0 = Debug|Any CPU
		{0CF38258-F56B-474B-93A9-45DFD144B358}.Debug|x64.Deploy.0 = Debug|Any CPU
		{0CF38258-F56B-474B-93A9-45DFD144B358}.Debug|x86.ActiveCfg = Debug|Any CPU
		{0CF38258-F56B-474B-93A9-45DFD144B358}.Debug|x86.Build.0 = Debug|Any CPU
		{0CF38258-F56B-474B-93A9-45DFD144B358}.Debug|x86.Deploy.0 = Debug|Any CPU
		{0CF38258-F56B-474B-93A9-45DFD144B358}.Release|Any CPU.ActiveCfg = Release|Any CPU
		{0CF38258-F56B-474B-93A9-45DFD144B358}.Release|Any CPU.Build.0 = Release|Any CPU
		{0CF38258-F56B-474B-93A9-45DFD144B358}.Release|Any CPU.Deploy.0 = Release|Any CPU
		{0CF38258-F56B-474B-93A9-45DFD144B358}.Release|ARM.ActiveCfg = Release|Any CPU
		{0CF38258-F56B-474B-93A9-45DFD144B358}.Release|ARM.Build.0 = Release|Any CPU
		{0CF38258-F56B-474B-93A9-45DFD144B358}.Release|ARM.Deploy.0 = Release|Any CPU
		{0CF38258-F56B-474B-93A9-45DFD144B358}.Release|iPhone.ActiveCfg = Release|Any CPU
		{0CF38258-F56B-474B-93A9-45DFD144B358}.Release|iPhone.Build.0 = Release|Any CPU
		{0CF38258-F56B-474B-93A9-45DFD144B358}.Release|iPhone.Deploy.0 = Release|Any CPU
		{0CF38258-F56B-474B-93A9-45DFD144B358}.Release|iPhoneSimulator.ActiveCfg = Release|Any CPU
		{0CF38258-F56B-474B-93A9-45DFD144B358}.Release|iPhoneSimulator.Build.0 = Release|Any CPU
		{0CF38258-F56B-474B-93A9-45DFD144B358}.Release|iPhoneSimulator.Deploy.0 = Release|Any CPU
		{0CF38258-F56B-474B-93A9-45DFD144B358}.Release|x64.ActiveCfg = Release|Any CPU
		{0CF38258-F56B-474B-93A9-45DFD144B358}.Release|x64.Build.0 = Release|Any CPU
		{0CF38258-F56B-474B-93A9-45DFD144B358}.Release|x64.Deploy.0 = Release|Any CPU
		{0CF38258-F56B-474B-93A9-45DFD144B358}.Release|x86.ActiveCfg = Release|Any CPU
		{0CF38258-F56B-474B-93A9-45DFD144B358}.Release|x86.Build.0 = Release|Any CPU
		{0CF38258-F56B-474B-93A9-45DFD144B358}.Release|x86.Deploy.0 = Release|Any CPU
		{D5EACE95-20A3-4961-938C-F38AAB10A3CA}.Debug|Any CPU.ActiveCfg = Debug|iPhoneSimulator
		{D5EACE95-20A3-4961-938C-F38AAB10A3CA}.Debug|Any CPU.Build.0 = Debug|iPhoneSimulator
		{D5EACE95-20A3-4961-938C-F38AAB10A3CA}.Debug|Any CPU.Deploy.0 = Debug|iPhoneSimulator
		{D5EACE95-20A3-4961-938C-F38AAB10A3CA}.Debug|ARM.ActiveCfg = Debug|iPhone
		{D5EACE95-20A3-4961-938C-F38AAB10A3CA}.Debug|ARM.Build.0 = Debug|iPhone
		{D5EACE95-20A3-4961-938C-F38AAB10A3CA}.Debug|ARM.Deploy.0 = Debug|iPhone
		{D5EACE95-20A3-4961-938C-F38AAB10A3CA}.Debug|iPhone.ActiveCfg = Debug|iPhone
		{D5EACE95-20A3-4961-938C-F38AAB10A3CA}.Debug|iPhone.Build.0 = Debug|iPhone
		{D5EACE95-20A3-4961-938C-F38AAB10A3CA}.Debug|iPhone.Deploy.0 = Debug|iPhone
		{D5EACE95-20A3-4961-938C-F38AAB10A3CA}.Debug|iPhoneSimulator.ActiveCfg = Debug|iPhoneSimulator
		{D5EACE95-20A3-4961-938C-F38AAB10A3CA}.Debug|iPhoneSimulator.Build.0 = Debug|iPhoneSimulator
		{D5EACE95-20A3-4961-938C-F38AAB10A3CA}.Debug|iPhoneSimulator.Deploy.0 = Debug|iPhoneSimulator
		{D5EACE95-20A3-4961-938C-F38AAB10A3CA}.Debug|x64.ActiveCfg = Debug|iPhoneSimulator
		{D5EACE95-20A3-4961-938C-F38AAB10A3CA}.Debug|x64.Build.0 = Debug|iPhoneSimulator
		{D5EACE95-20A3-4961-938C-F38AAB10A3CA}.Debug|x64.Deploy.0 = Debug|iPhoneSimulator
		{D5EACE95-20A3-4961-938C-F38AAB10A3CA}.Debug|x86.ActiveCfg = Debug|iPhoneSimulator
		{D5EACE95-20A3-4961-938C-F38AAB10A3CA}.Debug|x86.Build.0 = Debug|iPhoneSimulator
		{D5EACE95-20A3-4961-938C-F38AAB10A3CA}.Debug|x86.Deploy.0 = Debug|iPhoneSimulator
		{D5EACE95-20A3-4961-938C-F38AAB10A3CA}.Release|Any CPU.ActiveCfg = Release|iPhoneSimulator
		{D5EACE95-20A3-4961-938C-F38AAB10A3CA}.Release|Any CPU.Build.0 = Release|iPhoneSimulator
		{D5EACE95-20A3-4961-938C-F38AAB10A3CA}.Release|Any CPU.Deploy.0 = Release|iPhoneSimulator
		{D5EACE95-20A3-4961-938C-F38AAB10A3CA}.Release|ARM.ActiveCfg = Release|iPhoneSimulator
		{D5EACE95-20A3-4961-938C-F38AAB10A3CA}.Release|ARM.Build.0 = Release|iPhoneSimulator
		{D5EACE95-20A3-4961-938C-F38AAB10A3CA}.Release|ARM.Deploy.0 = Release|iPhoneSimulator
		{D5EACE95-20A3-4961-938C-F38AAB10A3CA}.Release|iPhone.ActiveCfg = Release|iPhone
		{D5EACE95-20A3-4961-938C-F38AAB10A3CA}.Release|iPhone.Build.0 = Release|iPhone
		{D5EACE95-20A3-4961-938C-F38AAB10A3CA}.Release|iPhone.Deploy.0 = Release|iPhone
		{D5EACE95-20A3-4961-938C-F38AAB10A3CA}.Release|iPhoneSimulator.ActiveCfg = Release|iPhoneSimulator
		{D5EACE95-20A3-4961-938C-F38AAB10A3CA}.Release|iPhoneSimulator.Build.0 = Release|iPhoneSimulator
		{D5EACE95-20A3-4961-938C-F38AAB10A3CA}.Release|iPhoneSimulator.Deploy.0 = Release|iPhoneSimulator
		{D5EACE95-20A3-4961-938C-F38AAB10A3CA}.Release|x64.ActiveCfg = Release|iPhoneSimulator
		{D5EACE95-20A3-4961-938C-F38AAB10A3CA}.Release|x64.Build.0 = Release|iPhoneSimulator
		{D5EACE95-20A3-4961-938C-F38AAB10A3CA}.Release|x64.Deploy.0 = Release|iPhoneSimulator
		{D5EACE95-20A3-4961-938C-F38AAB10A3CA}.Release|x86.ActiveCfg = Release|iPhoneSimulator
		{D5EACE95-20A3-4961-938C-F38AAB10A3CA}.Release|x86.Build.0 = Release|iPhoneSimulator
		{D5EACE95-20A3-4961-938C-F38AAB10A3CA}.Release|x86.Deploy.0 = Release|iPhoneSimulator
		{DCEFD079-AF83-4BD8-96C4-08213B3F4165}.Debug|Any CPU.ActiveCfg = Debug|Any CPU
		{DCEFD079-AF83-4BD8-96C4-08213B3F4165}.Debug|Any CPU.Build.0 = Debug|Any CPU
		{DCEFD079-AF83-4BD8-96C4-08213B3F4165}.Debug|Any CPU.Deploy.0 = Debug|Any CPU
		{DCEFD079-AF83-4BD8-96C4-08213B3F4165}.Debug|ARM.ActiveCfg = Debug|Any CPU
		{DCEFD079-AF83-4BD8-96C4-08213B3F4165}.Debug|ARM.Build.0 = Debug|Any CPU
		{DCEFD079-AF83-4BD8-96C4-08213B3F4165}.Debug|ARM.Deploy.0 = Debug|Any CPU
		{DCEFD079-AF83-4BD8-96C4-08213B3F4165}.Debug|iPhone.ActiveCfg = Debug|Any CPU
		{DCEFD079-AF83-4BD8-96C4-08213B3F4165}.Debug|iPhone.Build.0 = Debug|Any CPU
		{DCEFD079-AF83-4BD8-96C4-08213B3F4165}.Debug|iPhone.Deploy.0 = Debug|Any CPU
		{DCEFD079-AF83-4BD8-96C4-08213B3F4165}.Debug|iPhoneSimulator.ActiveCfg = Debug|Any CPU
		{DCEFD079-AF83-4BD8-96C4-08213B3F4165}.Debug|iPhoneSimulator.Build.0 = Debug|Any CPU
		{DCEFD079-AF83-4BD8-96C4-08213B3F4165}.Debug|iPhoneSimulator.Deploy.0 = Debug|Any CPU
		{DCEFD079-AF83-4BD8-96C4-08213B3F4165}.Debug|x64.ActiveCfg = Debug|Any CPU
		{DCEFD079-AF83-4BD8-96C4-08213B3F4165}.Debug|x64.Build.0 = Debug|Any CPU
		{DCEFD079-AF83-4BD8-96C4-08213B3F4165}.Debug|x64.Deploy.0 = Debug|Any CPU
		{DCEFD079-AF83-4BD8-96C4-08213B3F4165}.Debug|x86.ActiveCfg = Debug|Any CPU
		{DCEFD079-AF83-4BD8-96C4-08213B3F4165}.Debug|x86.Build.0 = Debug|Any CPU
		{DCEFD079-AF83-4BD8-96C4-08213B3F4165}.Debug|x86.Deploy.0 = Debug|Any CPU
		{DCEFD079-AF83-4BD8-96C4-08213B3F4165}.Release|Any CPU.ActiveCfg = Release|Any CPU
		{DCEFD079-AF83-4BD8-96C4-08213B3F4165}.Release|Any CPU.Build.0 = Release|Any CPU
		{DCEFD079-AF83-4BD8-96C4-08213B3F4165}.Release|Any CPU.Deploy.0 = Release|Any CPU
		{DCEFD079-AF83-4BD8-96C4-08213B3F4165}.Release|ARM.ActiveCfg = Release|Any CPU
		{DCEFD079-AF83-4BD8-96C4-08213B3F4165}.Release|ARM.Build.0 = Release|Any CPU
		{DCEFD079-AF83-4BD8-96C4-08213B3F4165}.Release|ARM.Deploy.0 = Release|Any CPU
		{DCEFD079-AF83-4BD8-96C4-08213B3F4165}.Release|iPhone.ActiveCfg = Release|Any CPU
		{DCEFD079-AF83-4BD8-96C4-08213B3F4165}.Release|iPhone.Build.0 = Release|Any CPU
		{DCEFD079-AF83-4BD8-96C4-08213B3F4165}.Release|iPhone.Deploy.0 = Release|Any CPU
		{DCEFD079-AF83-4BD8-96C4-08213B3F4165}.Release|iPhoneSimulator.ActiveCfg = Release|Any CPU
		{DCEFD079-AF83-4BD8-96C4-08213B3F4165}.Release|iPhoneSimulator.Build.0 = Release|Any CPU
		{DCEFD079-AF83-4BD8-96C4-08213B3F4165}.Release|iPhoneSimulator.Deploy.0 = Release|Any CPU
		{DCEFD079-AF83-4BD8-96C4-08213B3F4165}.Release|x64.ActiveCfg = Release|Any CPU
		{DCEFD079-AF83-4BD8-96C4-08213B3F4165}.Release|x64.Build.0 = Release|Any CPU
		{DCEFD079-AF83-4BD8-96C4-08213B3F4165}.Release|x64.Deploy.0 = Release|Any CPU
		{DCEFD079-AF83-4BD8-96C4-08213B3F4165}.Release|x86.ActiveCfg = Release|Any CPU
		{DCEFD079-AF83-4BD8-96C4-08213B3F4165}.Release|x86.Build.0 = Release|Any CPU
		{DCEFD079-AF83-4BD8-96C4-08213B3F4165}.Release|x86.Deploy.0 = Release|Any CPU
	EndGlobalSection
	GlobalSection(SolutionProperties) = preSolution
		HideSolutionNode = FALSE
	EndGlobalSection
	GlobalSection(ExtensibilityGlobals) = postSolution
		SolutionGuid = {622F2870-7926-41C8-8C57-FE3384F9EF5C}
	EndGlobalSection
EndGlobal
